{
  "name": "St-Francis-Website",
  "version": "1.0.0",
  "lockfileVersion": 1,
  "requires": true,
  "dependencies": {
    "jquery": {
      "version": "3.4.1",
      "resolved": "https://registry.npmjs.org/jquery/-/jquery-3.4.1.tgz",
      "integrity": "sha512-36+AdBzCL+y6qjw5Tx7HgzeGCzC81MDDgaUP8ld2zhx58HdqXGoBd+tHdrBMiyjGQs0Hxs/MLZTu/eHNJJuWPw=="
    },
    "nodemailer": {
      "version": "6.4.3",
      "resolved": "https://registry.npmjs.org/nodemailer/-/nodemailer-6.4.3.tgz",
      "integrity": "sha512-zmx4MTzYWQo2abFexvFYVURaiBGLekoA/yjP2Ctigd82hYtC4n38pcphQBi805t7AB2sY6DwmxnP/tb77f3KHA=="
    },
    "semantic-ui-css": {
      "version": "2.4.1",
      "resolved": "https://registry.npmjs.org/semantic-ui-css/-/semantic-ui-css-2.4.1.tgz",
      "integrity": "sha512-Pkp0p9oWOxlH0kODx7qFpIRYpK1T4WJOO4lNnpNPOoWKCrYsfHqYSKgk5fHfQtnWnsAKy7nLJMW02bgDWWFZFg==",
      "requires": {
        "jquery": "x.*"
      }
    }
  }
}
